// !$*UTF8*$!
{
	archiveVersion = 1;
	classes = {
	};
	objectVersion = 42;
	objects = {

/* Begin PBXAppleScriptBuildPhase section */
		F06FD25009E54D9000F67958 /* AppleScript */ = {
			isa = PBXAppleScriptBuildPhase;
			buildActionMask = 2147483647;
			contextName = "";
			files = (
				F06FD25109E54D9000F67958 /* Libraries.applescript in AppleScript */,
				F06FD25209E54D9000F67958 /* ProjBuilder.applescript in AppleScript */,
				F06FD25309E54D9000F67958 /* Application.applescript in AppleScript */,
			);
			isSharedContext = 0;
			runOnlyForDeploymentPostprocessing = 0;
		};
/* End PBXAppleScriptBuildPhase section */

/* Begin PBXBuildFile section */
		F030E3D8103C3342001B307A /* cpp.icns in Resources */ = {isa = PBXBuildFile; fileRef = F030E3D7103C3342001B307A /* cpp.icns */; };
		F06FD25109E54D9000F67958 /* Libraries.applescript in AppleScript */ = {isa = PBXBuildFile; fileRef = F0F4E06A0652773A008D56E6 /* Libraries.applescript */; settings = {ATTRIBUTES = (Debug, ); }; };
		F06FD25209E54D9000F67958 /* ProjBuilder.applescript in AppleScript */ = {isa = PBXBuildFile; fileRef = F0056E3B0653CFB000CFCECD /* ProjBuilder.applescript */; settings = {ATTRIBUTES = (Debug, ); }; };
		F06FD25309E54D9000F67958 /* Application.applescript in AppleScript */ = {isa = PBXBuildFile; fileRef = F0F2A05306899A9200D57C93 /* Application.applescript */; settings = {ATTRIBUTES = (Debug, ); }; };
		F06FD25509E54D9000F67958 /* MainMenu.nib in Resources */ = {isa = PBXBuildFile; fileRef = 29B97318FDCFA39411CA2CEA /* MainMenu.nib */; };
		F06FD25609E54D9000F67958 /* InfoPlist.strings in Resources */ = {isa = PBXBuildFile; fileRef = 089C165CFE840E0CC02AAC07 /* InfoPlist.strings */; };
		F06FD25709E54D9000F67958 /* InstallLibsPanel.nib in Resources */ = {isa = PBXBuildFile; fileRef = F018F27307F19F3500903A2C /* InstallLibsPanel.nib */; };
		F06FD25909E54D9000F67958 /* main.m in Sources */ = {isa = PBXBuildFile; fileRef = 29B97316FDCFA39411CA2CEA /* main.m */; settings = {ATTRIBUTES = (); }; };
		F06FD25B09E54D9000F67958 /* Cocoa.framework in Frameworks */ = {isa = PBXBuildFile; fileRef = 1058C7A1FEA54F0111CA2CBB /* Cocoa.framework */; };
		F06FD25C09E54D9000F67958 /* AppleScriptKit.framework in Frameworks */ = {isa = PBXBuildFile; fileRef = DA206CF1015C4E2903C91932 /* AppleScriptKit.framework */; };
		F06FD26909E54E5000F67958 /* Info-Xcode.plist in Resources */ = {isa = PBXBuildFile; fileRef = F06FD26809E54E5000F67958 /* Info-Xcode.plist */; };
/* End PBXBuildFile section */

/* Begin PBXFileReference section */
		089C165DFE840E0CC02AAC07 /* English */ = {isa = PBXFileReference; fileEncoding = 10; lastKnownFileType = text.plist.strings; name = English; path = English.lproj/InfoPlist.strings; sourceTree = "<group>"; };
		1058C7A1FEA54F0111CA2CBB /* Cocoa.framework */ = {isa = PBXFileReference; lastKnownFileType = wrapper.framework; name = Cocoa.framework; path = /System/Library/Frameworks/Cocoa.framework; sourceTree = "<absolute>"; };
		29B97316FDCFA39411CA2CEA /* main.m */ = {isa = PBXFileReference; fileEncoding = 30; lastKnownFileType = sourcecode.c.objc; path = main.m; sourceTree = "<group>"; };
		29B97319FDCFA39411CA2CEA /* English */ = {isa = PBXFileReference; lastKnownFileType = wrapper.nib; name = English; path = English.lproj/MainMenu.nib; sourceTree = "<group>"; };
		29B97324FDCFA39411CA2CEA /* AppKit.framework */ = {isa = PBXFileReference; lastKnownFileType = wrapper.framework; name = AppKit.framework; path = /System/Library/Frameworks/AppKit.framework; sourceTree = "<absolute>"; };
		29B97325FDCFA39411CA2CEA /* Foundation.framework */ = {isa = PBXFileReference; lastKnownFileType = wrapper.framework; name = Foundation.framework; path = /System/Library/Frameworks/Foundation.framework; sourceTree = "<absolute>"; };
		DA206CF1015C4E2903C91932 /* AppleScriptKit.framework */ = {isa = PBXFileReference; lastKnownFileType = wrapper.framework; name = AppleScriptKit.framework; path = /System/Library/Frameworks/AppleScriptKit.framework; sourceTree = "<absolute>"; };
		DA206CF4015C4E8B03C91932 /* AppleScriptKit.asdictionary */ = {isa = PBXFileReference; lastKnownFileType = archive.asdictionary; name = AppleScriptKit.asdictionary; path = /System/Library/Frameworks/AppleScriptKit.framework/Versions/A/Resources/AppleScriptKit.asdictionary; sourceTree = "<absolute>"; };
		F0056E3B0653CFB000CFCECD /* ProjBuilder.applescript */ = {isa = PBXFileReference; fileEncoding = 4; lastKnownFileType = sourcecode.applescript; path = ProjBuilder.applescript; sourceTree = "<group>"; };
		F018F27407F19F3500903A2C /* English */ = {isa = PBXFileReference; lastKnownFileType = wrapper.nib; name = English; path = English.lproj/InstallLibsPanel.nib; sourceTree = "<group>"; };
		F030E3D7103C3342001B307A /* cpp.icns */ = {isa = PBXFileReference; lastKnownFileType = image.icns; path = cpp.icns; sourceTree = "<group>"; };
		F06FD25E09E54D9000F67958 /* NCBI Xcode Project Builder.app */ = {isa = PBXFileReference; explicitFileType = wrapper.application; includeInIndex = 0; path = "NCBI Xcode Project Builder.app"; sourceTree = BUILT_PRODUCTS_DIR; };
		F06FD26809E54E5000F67958 /* Info-Xcode.plist */ = {isa = PBXFileReference; fileEncoding = 30; lastKnownFileType = text.plist.xml; path = "Info-Xcode.plist"; sourceTree = "<group>"; };
		F0F2A05306899A9200D57C93 /* Application.applescript */ = {isa = PBXFileReference; fileEncoding = 30; lastKnownFileType = sourcecode.applescript; path = Application.applescript; sourceTree = "<group>"; };
		F0F4E06A0652773A008D56E6 /* Libraries.applescript */ = {isa = PBXFileReference; fileEncoding = 4; lastKnownFileType = sourcecode.applescript; path = Libraries.applescript; sourceTree = "<group>"; };
/* End PBXFileReference section */

/* Begin PBXFrameworksBuildPhase section */
		F06FD25A09E54D9000F67958 /* Frameworks */ = {
			isa = PBXFrameworksBuildPhase;
			buildActionMask = 2147483647;
			files = (
				F06FD25B09E54D9000F67958 /* Cocoa.framework in Frameworks */,
				F06FD25C09E54D9000F67958 /* AppleScriptKit.framework in Frameworks */,
			);
			runOnlyForDeploymentPostprocessing = 0;
		};
/* End PBXFrameworksBuildPhase section */

/* Begin PBXGroup section */
		080E96DDFE201D6D7F000001 /* Scripts */ = {
			isa = PBXGroup;
			children = (
				F0F2A05306899A9200D57C93 /* Application.applescript */,
				F0F4E06A0652773A008D56E6 /* Libraries.applescript */,
				F0056E3B0653CFB000CFCECD /* ProjBuilder.applescript */,
			);
			name = Scripts;
			sourceTree = "<group>";
		};
		1058C7A0FEA54F0111CA2CBB /* Linked Frameworks */ = {
			isa = PBXGroup;
			children = (
				1058C7A1FEA54F0111CA2CBB /* Cocoa.framework */,
				DA206CF1015C4E2903C91932 /* AppleScriptKit.framework */,
			);
			name = "Linked Frameworks";
			sourceTree = "<group>";
		};
		1058C7A2FEA54F0111CA2CBB /* Other Frameworks */ = {
			isa = PBXGroup;
			children = (
				29B97325FDCFA39411CA2CEA /* Foundation.framework */,
				29B97324FDCFA39411CA2CEA /* AppKit.framework */,
			);
			name = "Other Frameworks";
			sourceTree = "<group>";
		};
		19C28FACFE9D520D11CA2CBB /* Products */ = {
			isa = PBXGroup;
			children = (
				F06FD26809E54E5000F67958 /* Info-Xcode.plist */,
				F06FD25E09E54D9000F67958 /* NCBI Xcode Project Builder.app */,
			);
			name = Products;
			sourceTree = "<group>";
		};
		29B97314FDCFA39411CA2CEA /* Application */ = {
			isa = PBXGroup;
			children = (
				080E96DDFE201D6D7F000001 /* Scripts */,
				29B97317FDCFA39411CA2CEA /* Resources */,
				29B97315FDCFA39411CA2CEA /* Other Sources */,
				29B97323FDCFA39411CA2CEA /* Frameworks */,
				19C28FACFE9D520D11CA2CBB /* Products */,
			);
			name = Application;
			sourceTree = "<group>";
		};
		29B97315FDCFA39411CA2CEA /* Other Sources */ = {
			isa = PBXGroup;
			children = (
				29B97316FDCFA39411CA2CEA /* main.m */,
			);
			name = "Other Sources";
			sourceTree = "<group>";
		};
		29B97317FDCFA39411CA2CEA /* Resources */ = {
			isa = PBXGroup;
			children = (
				F030E3D7103C3342001B307A /* cpp.icns */,
				F018F27307F19F3500903A2C /* InstallLibsPanel.nib */,
				29B97318FDCFA39411CA2CEA /* MainMenu.nib */,
				089C165CFE840E0CC02AAC07 /* InfoPlist.strings */,
				DA206CF4015C4E8B03C91932 /* AppleScriptKit.asdictionary */,
			);
			name = Resources;
			sourceTree = "<group>";
		};
		29B97323FDCFA39411CA2CEA /* Frameworks */ = {
			isa = PBXGroup;
			children = (
				1058C7A0FEA54F0111CA2CBB /* Linked Frameworks */,
				1058C7A2FEA54F0111CA2CBB /* Other Frameworks */,
			);
			name = Frameworks;
			sourceTree = "<group>";
		};
/* End PBXGroup section */

/* Begin PBXHeadersBuildPhase section */
		F06FD24F09E54D9000F67958 /* Headers */ = {
			isa = PBXHeadersBuildPhase;
			buildActionMask = 2147483647;
			files = (
			);
			runOnlyForDeploymentPostprocessing = 0;
		};
/* End PBXHeadersBuildPhase section */

/* Begin PBXNativeTarget section */
		F06FD24E09E54D9000F67958 /* Xcode Project Generator */ = {
			isa = PBXNativeTarget;
			buildConfigurationList = F0BB06D71031C2AE00B9525E /* Build configuration list for PBXNativeTarget "Xcode Project Generator" */;
			buildPhases = (
				F06FD24F09E54D9000F67958 /* Headers */,
				F06FD25009E54D9000F67958 /* AppleScript */,
				F06FD25409E54D9000F67958 /* Resources */,
				F06FD25809E54D9000F67958 /* Sources */,
				F06FD25A09E54D9000F67958 /* Frameworks */,
			);
			buildRules = (
			);
			dependencies = (
			);
			name = "Xcode Project Generator";
			productInstallPath = "$(HOME)/Applications";
			productName = Application;
			productReference = F06FD25E09E54D9000F67958 /* NCBI Xcode Project Builder.app */;
			productType = "com.apple.product-type.application";
		};
/* End PBXNativeTarget section */

/* Begin PBXProject section */
		29B97313FDCFA39411CA2CEA /* Project object */ = {
			isa = PBXProject;
			buildConfigurationList = F0BB06D61031C2AE00B9525E /* Build configuration list for PBXProject "xCode" */;
			compatibilityVersion = "Xcode 2.4";
			hasScannedForEncodings = 1;
			mainGroup = 29B97314FDCFA39411CA2CEA /* Application */;
			projectDirPath = "";
			projectRoot = "";
			targets = (
				F06FD24E09E54D9000F67958 /* Xcode Project Generator */,
			);
		};
/* End PBXProject section */

/* Begin PBXResourcesBuildPhase section */
		F06FD25409E54D9000F67958 /* Resources */ = {
			isa = PBXResourcesBuildPhase;
			buildActionMask = 2147483647;
			files = (
				F06FD25509E54D9000F67958 /* MainMenu.nib in Resources */,
				F06FD25609E54D9000F67958 /* InfoPlist.strings in Resources */,
				F06FD25709E54D9000F67958 /* InstallLibsPanel.nib in Resources */,
				F06FD26909E54E5000F67958 /* Info-Xcode.plist in Resources */,
				F030E3D8103C3342001B307A /* cpp.icns in Resources */,
			);
			runOnlyForDeploymentPostprocessing = 0;
		};
/* End PBXResourcesBuildPhase section */

/* Begin PBXSourcesBuildPhase section */
		F06FD25809E54D9000F67958 /* Sources */ = {
			isa = PBXSourcesBuildPhase;
			buildActionMask = 2147483647;
			files = (
				F06FD25909E54D9000F67958 /* main.m in Sources */,
			);
			runOnlyForDeploymentPostprocessing = 0;
		};
/* End PBXSourcesBuildPhase section */

/* Begin PBXVariantGroup section */
		089C165CFE840E0CC02AAC07 /* InfoPlist.strings */ = {
			isa = PBXVariantGroup;
			children = (
				089C165DFE840E0CC02AAC07 /* English */,
			);
			name = InfoPlist.strings;
			sourceTree = "<group>";
		};
		29B97318FDCFA39411CA2CEA /* MainMenu.nib */ = {
			isa = PBXVariantGroup;
			children = (
				29B97319FDCFA39411CA2CEA /* English */,
			);
			name = MainMenu.nib;
			sourceTree = "<group>";
		};
		F018F27307F19F3500903A2C /* InstallLibsPanel.nib */ = {
			isa = PBXVariantGroup;
			children = (
				F018F27407F19F3500903A2C /* English */,
			);
			name = InstallLibsPanel.nib;
			sourceTree = "<group>";
		};
/* End PBXVariantGroup section */

/* Begin XCBuildConfiguration section */
		F0BB06D01031C2AE00B9525E /* Development */ = {
			isa = XCBuildConfiguration;
			buildSettings = {
			};
			name = Development;
		};
		F0BB06D11031C2AE00B9525E /* Deployment */ = {
			isa = XCBuildConfiguration;
			buildSettings = {
			};
			name = Deployment;
		};
		F0BB06D21031C2AE00B9525E /* Default */ = {
			isa = XCBuildConfiguration;
			buildSettings = {
			};
			name = Default;
		};
		F0BB06D31031C2AE00B9525E /* Development */ = {
			isa = XCBuildConfiguration;
			buildSettings = {
				COPY_PHASE_STRIP = NO;
				FRAMEWORK_SEARCH_PATHS = "";
				GCC_DYNAMIC_NO_PIC = NO;
				GCC_ENABLE_FIX_AND_CONTINUE = YES;
				GCC_GENERATE_DEBUGGING_SYMBOLS = YES;
				GCC_MODEL_CPU = G4;
				GCC_OPTIMIZATION_LEVEL = 0;
				HEADER_SEARCH_PATHS = "";
				INFOPLIST_FILE = "Info-Xcode.plist";
				INSTALL_PATH = "$(HOME)/Applications";
				LIBRARY_SEARCH_PATHS = "";
				OTHER_CFLAGS = "";
				OTHER_LDFLAGS = "";
				PRODUCT_NAME = "NCBI Xcode Project Builder";
				SECTORDER_FLAGS = "";
				WARNING_CFLAGS = (
					"-Wmost",
					"-Wno-four-char-constants",
					"-Wno-unknown-pragmas",
				);
				WRAPPER_EXTENSION = app;
				ZERO_LINK = YES;
			};
			name = Development;
		};
		F0BB06D41031C2AE00B9525E /* Deployment */ = {
			isa = XCBuildConfiguration;
			buildSettings = {
				COPY_PHASE_STRIP = YES;
				FRAMEWORK_SEARCH_PATHS = "";
				GCC_ENABLE_FIX_AND_CONTINUE = NO;
				HEADER_SEARCH_PATHS = "";
				INFOPLIST_FILE = "Info-Xcode.plist";
				INSTALL_PATH = "$(HOME)/Applications";
				LIBRARY_SEARCH_PATHS = "";
				OTHER_CFLAGS = "";
				OTHER_LDFLAGS = "";
				OTHER_OSAFLAGS = "-x";
				PRODUCT_NAME = "NCBI Xcode Project Builder";
				SECTORDER_FLAGS = "";
				WARNING_CFLAGS = (
					"-Wmost",
					"-Wno-four-char-constants",
					"-Wno-unknown-pragmas",
				);
				WRAPPER_EXTENSION = app;
				ZERO_LINK = NO;
			};
			name = Deployment;
		};
		F0BB06D51031C2AE00B9525E /* Default */ = {
			isa = XCBuildConfiguration;
			buildSettings = {
				FRAMEWORK_SEARCH_PATHS = "";
				HEADER_SEARCH_PATHS = "";
				INFOPLIST_FILE = "Info-Xcode.plist";
				INSTALL_PATH = "$(HOME)/Applications";
				LIBRARY_SEARCH_PATHS = "";
				OTHER_CFLAGS = "";
				OTHER_LDFLAGS = "";
				PRODUCT_NAME = "NCBI Xcode Project Builder";
				SECTORDER_FLAGS = "";
				WARNING_CFLAGS = (
					"-Wmost",
					"-Wno-four-char-constants",
					"-Wno-unknown-pragmas",
				);
				WRAPPER_EXTENSION = app;
			};
			name = Default;
		};
/* End XCBuildConfiguration section */

/* Begin XCConfigurationList section */
		F0BB06D61031C2AE00B9525E /* Build configuration list for PBXProject "xCode" */ = {
			isa = XCConfigurationList;
			buildConfigurations = (
				F0BB06D01031C2AE00B9525E /* Development */,
				F0BB06D11031C2AE00B9525E /* Deployment */,
				F0BB06D21031C2AE00B9525E /* Default */,
			);
			defaultConfigurationIsVisible = 0;
			defaultConfigurationName = Default;
		};
		F0BB06D71031C2AE00B9525E /* Build configuration list for PBXNativeTarget "Xcode Project Generator" */ = {
			isa = XCConfigurationList;
			buildConfigurations = (
				F0BB06D31031C2AE00B9525E /* Development */,
				F0BB06D41031C2AE00B9525E /* Deployment */,
				F0BB06D51031C2AE00B9525E /* Default */,
			);
			defaultConfigurationIsVisible = 0;
			defaultConfigurationName = Default;
		};
/* End XCConfigurationList section */
	};
	rootObject = 29B97313FDCFA39411CA2CEA /* Project object */;
}
