<?xml version="1.0" encoding="UTF-8"?>
<!DOCTYPE plist PUBLIC "-//Apple//DTD PLIST 1.0//EN" "http://www.apple.com/DTDs/PropertyList-1.0.dtd">
<plist version="1.0">
  <dict>
    <key>archiveVersion</key>
    <string>1</string>
    <key>objectVersion</key>
    <string>44</string>
    <key>objects</key>
    <dict>
      <key>Build_Configuration_DebugDLL</key>
      <dict>
        <key>buildSettings</key>
        <dict>
          <key>ARCHS</key>
          <array>
            <string>ppc i386</string>
          </array>
          <key>GCC_WARN_ABOUT_RETURN_TYPE</key>
          <string>YES</string>
          <key>GCC_WARN_UNUSED_VARIABLE</key>
          <string>YES</string>
          <key>GCC_DYNAMIC_NO_PIC</key>
          <string>NO</string>
          <key>GCC_ENABLE_FIX_AND_CONTINUE</key>
          <string>NO</string>
          <key>GCC_MODEL_TUNING</key>
          <string>G5</string>
          <key>GCC_ENABLE_CPP_EXCEPTIONS</key>
          <string>YES</string>
          <key>GCC_ENABLE_CPP_RTTI</key>
          <string>YES</string>
          <key>COPY_PHASE_STRIP</key>
          <string>NO</string>
          <key>GCC_GENERATE_DEBUGGING_SYMBOLS</key>
          <string>YES</string>
          <key>GCC_OPTIMIZATION_LEVEL</key>
          <string>0</string>
          <key>DEBUG_INFORMATION_FORMAT</key>
          <string>dwarf-with-dsym</string>
          <key>GCC_DEBUGGING_SYMBOLS</key>
          <string>default</string>
          <key>SDKROOT</key>
          <string></string>
          <key>FRAMEWORK_SEARCH_PATHS</key>
          <string>/System/Library/Frameworks/CoreServices.framework/Frameworks</string>
          <key>DEAD_CODE_STRIPPING</key>
          <string>YES</string>
          <key>PREBINDING</key>
          <string>NO</string>
          <key>ZERO_LINK</key>
          <string>NO</string>
          <key>STANDARD_C_PLUS_PLUS_LIBRARY_TYPE</key>
          <string>dynamic</string>
        </dict>
        <key>isa</key>
        <string>XCBuildConfiguration</string>
        <key>name</key>
        <string>DebugDLL</string>
      </dict>
      <key>Build_Configuration_ReleaseDLL</key>
      <dict>
        <key>buildSettings</key>
        <dict>
          <key>ARCHS</key>
          <array>
            <string>ppc i386</string>
          </array>
          <key>GCC_WARN_ABOUT_RETURN_TYPE</key>
          <string>YES</string>
          <key>GCC_WARN_UNUSED_VARIABLE</key>
          <string>YES</string>
          <key>GCC_DYNAMIC_NO_PIC</key>
          <string>NO</string>
          <key>GCC_ENABLE_FIX_AND_CONTINUE</key>
          <string>NO</string>
          <key>GCC_MODEL_TUNING</key>
          <string>G5</string>
          <key>GCC_ENABLE_CPP_EXCEPTIONS</key>
          <string>YES</string>
          <key>GCC_ENABLE_CPP_RTTI</key>
          <string>YES</string>
          <key>COPY_PHASE_STRIP</key>
          <string>YES</string>
          <key>GCC_GENERATE_DEBUGGING_SYMBOLS</key>
          <string>NO</string>
          <key>SDKROOT</key>
          <string></string>
          <key>FRAMEWORK_SEARCH_PATHS</key>
          <string>/System/Library/Frameworks/CoreServices.framework/Frameworks</string>
          <key>DEAD_CODE_STRIPPING</key>
          <string>YES</string>
          <key>PREBINDING</key>
          <string>NO</string>
          <key>ZERO_LINK</key>
          <string>NO</string>
          <key>STANDARD_C_PLUS_PLUS_LIBRARY_TYPE</key>
          <string>dynamic</string>
        </dict>
        <key>isa</key>
        <string>XCBuildConfiguration</string>
        <key>name</key>
        <string>ReleaseDLL</string>
      </dict>
      <key>Build_Configurations</key>
      <dict>
        <key>buildConfigurations</key>
        <array>
          <string>Build_Configuration_DebugDLL</string>
          <string>Build_Configuration_ReleaseDLL</string>
        </array>
        <key>defaultConfigurationIsVisible</key>
        <string>0</string>
        <key>defaultConfigurationName</key>
        <string>ReleaseDLL</string>
        <key>isa</key>
        <string>XCConfigurationList</string>
      </dict>
      <key>Main_Group</key>
      <dict>
        <key>children</key>
        <array>
        </array>
        <key>isa</key>
        <string>PBXGroup</string>
        <key>name</key>
        <string>NCBI C++ Toolkit</string>
        <key>refType</key>
        <string>4</string>
      </dict>
      <key>CONFIGURE_Build_Configuration_DebugDLL</key>
      <dict>
        <key>buildSettings</key>
        <dict>
          <key>PRODUCT_NAME</key>
          <string>CONFIGURE</string>
        </dict>
        <key>isa</key>
        <string>XCBuildConfiguration</string>
        <key>name</key>
        <string>DebugDLL</string>
      </dict>
      <key>CONFIGURE_Build_Configuration_ReleaseDLL</key>
      <dict>
        <key>buildSettings</key>
        <dict>
          <key>PRODUCT_NAME</key>
          <string>CONFIGURE</string>
        </dict>
        <key>isa</key>
        <string>XCBuildConfiguration</string>
        <key>name</key>
        <string>ReleaseDLL</string>
      </dict>
      <key>CONFIGURE_Build_Configurations</key>
      <dict>
        <key>buildConfigurations</key>
        <array>
          <string>CONFIGURE_Build_Configuration_DebugDLL</string>
          <string>CONFIGURE_Build_Configuration_ReleaseDLL</string>
        </array>
        <key>defaultConfigurationIsVisible</key>
        <string>0</string>
        <key>defaultConfigurationName</key>
        <string>ReleaseDLL</string>
        <key>isa</key>
        <string>XCConfigurationList</string>
      </dict>
      <key>CONFIGURE_script</key>
      <dict>
        <key>files</key>
        <array></array>
        <key>inputPaths</key>
        <array></array>
        <key>outputPaths</key>
        <array></array>
        <key>isa</key>
        <string>PBXShellScriptBuildPhase</string>
        <key>shellPath</key>
        <string>/bin/sh</string>
        <key>shellScript</key>
        <string>export PTB_PLATFORM=&quot;$ARCHS&quot;&#xa;export PTB_PATH=../static/bin/ReleaseDLL&#xa;export SLN_PATH=ncbi_gbench&#xa;export TREE_ROOT=../../..&#xa;export BUILD_TREE_ROOT=..&#xa;UtilityProjects/configure_ncbi_gbench.sh</string>
      </dict>
      <key>CONFIGURE_target</key>
      <dict>
        <key>buildConfigurationList</key>
        <string>CONFIGURE_Build_Configurations</string>
        <key>buildPhases</key>
        <array>
          <string>CONFIGURE_script</string>
        </array>
        <key>dependencies</key>
        <array></array>
        <key>isa</key>
        <string>PBXAggregateTarget</string>
        <key>name</key>
        <string>CONFIGURE</string>
        <key>productName</key>
        <string>CONFIGURE</string>
      </dict>
      <key>CONFIGURE_DIALOG_Build_Configuration_DebugDLL</key>
      <dict>
        <key>buildSettings</key>
        <dict>
          <key>PRODUCT_NAME</key>
          <string>CONFIGURE_DIALOG</string>
        </dict>
        <key>isa</key>
        <string>XCBuildConfiguration</string>
        <key>name</key>
        <string>DebugDLL</string>
      </dict>
      <key>CONFIGURE_DIALOG_Build_Configuration_ReleaseDLL</key>
      <dict>
        <key>buildSettings</key>
        <dict>
          <key>PRODUCT_NAME</key>
          <string>CONFIGURE_DIALOG</string>
        </dict>
        <key>isa</key>
        <string>XCBuildConfiguration</string>
        <key>name</key>
        <string>ReleaseDLL</string>
      </dict>
      <key>CONFIGURE_DIALOG_Build_Configurations</key>
      <dict>
        <key>buildConfigurations</key>
        <array>
          <string>CONFIGURE_DIALOG_Build_Configuration_DebugDLL</string>
          <string>CONFIGURE_DIALOG_Build_Configuration_ReleaseDLL</string>
        </array>
        <key>defaultConfigurationIsVisible</key>
        <string>0</string>
        <key>defaultConfigurationName</key>
        <string>ReleaseDLL</string>
        <key>isa</key>
        <string>XCConfigurationList</string>
      </dict>
      <key>CONFIGURE_DIALOG_script</key>
      <dict>
        <key>files</key>
        <array></array>
        <key>inputPaths</key>
        <array></array>
        <key>outputPaths</key>
        <array></array>
        <key>isa</key>
        <string>PBXShellScriptBuildPhase</string>
        <key>shellPath</key>
        <string>/bin/sh</string>
        <key>shellScript</key>
        <string>export PTB_PLATFORM=&quot;$ARCHS&quot;&#xa;export PTB_PATH=../static/bin/ReleaseDLL&#xa;export SLN_PATH=ncbi_gbench&#xa;export TREE_ROOT=../../..&#xa;export BUILD_TREE_ROOT=..&#xa;UtilityProjects/configure_gui_ncbi_gbench.sh</string>
      </dict>
      <key>CONFIGURE_DIALOG_target</key>
      <dict>
        <key>buildConfigurationList</key>
        <string>CONFIGURE_DIALOG_Build_Configurations</string>
        <key>buildPhases</key>
        <array>
          <string>CONFIGURE_DIALOG_script</string>
        </array>
        <key>dependencies</key>
        <array></array>
        <key>isa</key>
        <string>PBXAggregateTarget</string>
        <key>name</key>
        <string>CONFIGURE_DIALOG</string>
        <key>productName</key>
        <string>CONFIGURE_DIALOG</string>
      </dict>
      <key>ROOT_OBJECT</key>
      <dict>
        <key>buildConfigurationList</key>
        <string>Build_Configurations</string>
        <key>compatibilityVersion</key>
        <string>Xcode 3.0</string>
        <key>hasScannedForEncodings</key>
        <string>1</string>
        <key>isa</key>
        <string>PBXProject</string>
        <key>mainGroup</key>
        <string>Main_Group</string>
        <key>projectDirPath</key>
        <string></string>
        <key>projectRoot</key>
        <string></string>
        <key>targets</key>
        <array>
          <string>CONFIGURE_DIALOG_target</string>
          <string>CONFIGURE_target</string>
        </array>
      </dict>
    </dict>
    <key>rootObject</key>
    <string>ROOT_OBJECT</string>
  </dict>
</plist>
